
Microsoft Visual Studio Solution File, Format Version 12.00
# Visual Studio 15
VisualStudioVersion = 15.0.28307.271
MinimumVisualStudioVersion = 10.0.40219.1
Project("{FAE04EC0-301F-11D3-BF4B-00C04F79EFBC}") = "ConsoleApp1", "ConsoleApp1\ConsoleApp1.csproj", "{C2565FE4-F863-44E3-A21A-AC837D0A715A}"
EndProject
Project("{FAE04EC0-301F-11D3-BF4B-00C04F79EFBC}") = "testanh", "testanh\testanh.csproj", "{01CEC07C-B1A4-4EB7-BCA4-3EDA19C08C79}"
EndProject
Global
	GlobalSection(SolutionConfigurationPlatforms) = preSolution
		Debug|Any CPU = Debug|Any CPU
		Release|Any CPU = Release|Any CPU
	EndGlobalSection
	GlobalSection(ProjectConfigurationPlatforms) = postSolution
		{C2565FE4-F863-44E3-A21A-AC837D0A715A}.Debug|Any CPU.ActiveCfg = Debug|Any CPU
		{C2565FE4-F863-44E3-A21A-AC837D0A715A}.Debug|Any CPU.Build.0 = Debug|Any CPU
		{C2565FE4-F863-44E3-A21A-AC837D0A715A}.Release|Any CPU.ActiveCfg = Release|Any CPU
		{C2565FE4-F863-44E3-A21A-AC837D0A715A}.Release|Any CPU.Build.0 = Release|Any CPU
		{01CEC07C-B1A4-4EB7-BCA4-3EDA19C08C79}.Debug|Any CPU.ActiveCfg = Debug|Any CPU
		{01CEC07C-B1A4-4EB7-BCA4-3EDA19C08C79}.Debug|Any CPU.Build.0 = Debug|Any CPU
		{01CEC07C-B1A4-4EB7-BCA4-3EDA19C08C79}.Release|Any CPU.ActiveCfg = Release|Any CPU
		{01CEC07C-B1A4-4EB7-BCA4-3EDA19C08C79}.Release|Any CPU.Build.0 = Release|Any CPU
	EndGlobalSection
	GlobalSection(SolutionProperties) = preSolution
		HideSolutionNode = FALSE
	EndGlobalSection
	GlobalSection(ExtensibilityGlobals) = postSolution
		SolutionGuid = {DAB8946C-C9AC-45A5-B2FE-CA37CACF882E}
	EndGlobalSection
EndGlobal
